# generated by rye
# use `rye lock` or `rye sync` to update this lockfile
#
# last locked with the following flags:
#   pre: false
#   features: []
#   all-features: false
#   with-sources: false
#   generate-hashes: false
#   universal: false

-e file:.
annotated-types==0.7.0
    # via pydantic
anyio==4.6.0
    # via httpx
    # via starlette
    # via watchfiles
attrs==23.2.0
    # via rectools
certifi==2024.8.30
    # via httpcore
    # via httpx
click==8.1.7
    # via typer
    # via uvicorn
dnspython==2.6.1
    # via email-validator
email-validator==2.2.0
    # via fastapi
fastapi==0.115.0
    # via backend
fastapi-cli==0.0.5
    # via fastapi
h11==0.14.0
    # via httpcore
    # via uvicorn
httpcore==1.0.5
    # via httpx
httptools==0.6.1
    # via uvicorn
httpx==0.27.2
    # via fastapi
idna==3.10
    # via anyio
    # via email-validator
    # via httpx
implicit==0.7.2
    # via rectools
jinja2==3.1.4
    # via fastapi
markdown-it-py==3.0.0
    # via rich
markupsafe==2.1.5
    # via jinja2
mdurl==0.1.2
    # via markdown-it-py
numpy==1.26.4
    # via implicit
    # via pandas
    # via pyarrow
    # via pyspark
    # via rectools
    # via scipy
pandas==2.2.3
    # via pyspark
    # via rectools
py4j==0.10.9.7
    # via pyspark
pyarrow==17.0.0
    # via pyspark
pydantic==2.9.2
    # via backend
    # via fastapi
    # via pydantic-settings
pydantic-core==2.23.4
    # via pydantic
pydantic-settings==2.5.2
    # via backend
pygments==2.18.0
    # via rich
pyspark==3.5.3
    # via backend
python-dateutil==2.9.0.post0
    # via pandas
python-dotenv==1.0.1
    # via pydantic-settings
    # via uvicorn
python-multipart==0.0.11
    # via fastapi
pytz==2024.2
    # via pandas
pyyaml==6.0.2
    # via uvicorn
rectools==0.8.0
    # via backend
rich==13.8.1
    # via typer
scipy==1.12.0
    # via implicit
    # via rectools
shellingham==1.5.4
    # via typer
six==1.16.0
    # via python-dateutil
sniffio==1.3.1
    # via anyio
    # via httpx
starlette==0.38.6
    # via fastapi
threadpoolctl==3.5.0
    # via implicit
tqdm==4.66.5
    # via implicit
    # via rectools
typeguard==4.3.0
    # via rectools
typer==0.12.5
    # via fastapi-cli
typing-extensions==4.12.2
    # via fastapi
    # via pydantic
    # via pydantic-core
    # via typeguard
    # via typer
tzdata==2024.2
    # via pandas
uvicorn==0.31.0
    # via fastapi
    # via fastapi-cli
uvloop==0.20.0
    # via uvicorn
watchfiles==0.24.0
    # via uvicorn
websockets==13.1
    # via uvicorn
